
Microsoft Visual Studio Solution File, Format Version 12.00
# Visual Studio 15
VisualStudioVersion = 15.0.33026.149
MinimumVisualStudioVersion = 10.0.40219.1
Project("{FAE04EC0-301F-11D3-BF4B-00C04F79EFBC}") = "LoanTracker97", "LoanTracker97\LoanTracker97.csproj", "{E417272D-37C6-43C1-BC31-DBD8E9778B08}"
EndProject
Global
	GlobalSection(SolutionConfigurationPlatforms) = preSolution
		Debug|Any CPU = Debug|Any CPU
		Release|Any CPU = Release|Any CPU
	EndGlobalSection
	GlobalSection(ProjectConfigurationPlatforms) = postSolution
		{E417272D-37C6-43C1-BC31-DBD8E9778B08}.Debug|Any CPU.ActiveCfg = Debug|Any CPU
		{E417272D-37C6-43C1-BC31-DBD8E9778B08}.Debug|Any CPU.Build.0 = Debug|Any CPU
		{E417272D-37C6-43C1-BC31-DBD8E9778B08}.Release|Any CPU.ActiveCfg = Release|Any CPU
		{E417272D-37C6-43C1-BC31-DBD8E9778B08}.Release|Any CPU.Build.0 = Release|Any CPU
	EndGlobalSection
	GlobalSection(SolutionProperties) = preSolution
		HideSolutionNode = FALSE
	EndGlobalSection
	GlobalSection(ExtensibilityGlobals) = postSolution
		SolutionGuid = {F35A334B-8631-4B82-B608-2ADCD2C2E33D}
	EndGlobalSection
EndGlobal
